
Microsoft Visual Studio Solution File, Format Version 12.00
# Visual Studio 15
VisualStudioVersion = 15.0.27004.2002
MinimumVisualStudioVersion = 10.0.40219.1
Project("{FAE04EC0-301F-11D3-BF4B-00C04F79EFBC}") = "Graph", "Graph\Graph.csproj", "{1746E28A-3DFF-468F-9B05-E01EA4121C43}"
EndProject
Global
	GlobalSection(SolutionConfigurationPlatforms) = preSolution
		Debug|Any CPU = Debug|Any CPU
		Release|Any CPU = Release|Any CPU
	EndGlobalSection
	GlobalSection(ProjectConfigurationPlatforms) = postSolution
		{1746E28A-3DFF-468F-9B05-E01EA4121C43}.Debug|Any CPU.ActiveCfg = Debug|Any CPU
		{1746E28A-3DFF-468F-9B05-E01EA4121C43}.Debug|Any CPU.Build.0 = Debug|Any CPU
		{1746E28A-3DFF-468F-9B05-E01EA4121C43}.Release|Any CPU.ActiveCfg = Release|Any CPU
		{1746E28A-3DFF-468F-9B05-E01EA4121C43}.Release|Any CPU.Build.0 = Release|Any CPU
	EndGlobalSection
	GlobalSection(SolutionProperties) = preSolution
		HideSolutionNode = FALSE
	EndGlobalSection
	GlobalSection(ExtensibilityGlobals) = postSolution
		SolutionGuid = {3DD5EBE2-40BC-4E1C-BA0D-D42561287A32}
	EndGlobalSection
EndGlobal
